<?xml version="1.0" encoding="utf-8"?>
<Project ToolsVersion="4.0" xmlns="http://schemas.microsoft.com/developer/msbuild/2003">
  <ItemGroup>
    <Filter Include="src">
      <UniqueIdentifier>{0ed34a28-f8c8-47f9-b859-8b68f72a6355}</UniqueIdentifier>
    </Filter>
    <Filter Include="src\Исходные файлы">
      <UniqueIdentifier>{4FC737F1-C7A5-4376-A066-2A32D752A2FF}</UniqueIdentifier>
      <Extensions>cpp;c;cc;cxx;c++;cppm;ixx;def;odl;idl;hpj;bat;asm;asmx</Extensions>
    </Filter>
    <Filter Include="src\Файлы заголовков">
      <UniqueIdentifier>{93995380-89BD-4b04-88EB-625FBE52EBFB}</UniqueIdentifier>
      <Extensions>h;hh;hpp;hxx;h++;hm;inl;inc;ipp;xsd</Extensions>
    </Filter>
    <Filter Include="CPPOBJECT_Common">
      <UniqueIdentifier>{8db17dc5-2c2b-428b-8ab9-02131b13ad72}</UniqueIdentifier>
    </Filter>
  </ItemGroup>
  <ItemGroup>
    <ClCompile Include="src\dllmain.cpp">
      <Filter>src\Исходные файлы</Filter>
    </ClCompile>
    <ClCompile Include="..\..\CPPOBJECT_Common\src\BlockInterface.cpp">
      <Filter>CPPOBJECT_Common</Filter>
    </ClCompile>
    <ClCompile Include="..\..\CPPOBJECT_Common\src\UMainModule.cpp">
      <Filter>CPPOBJECT_Common</Filter>
    </ClCompile>
    <ClCompile Include="..\..\CPPOBJECT_Common\src\UMultiSelect.cpp">
      <Filter>CPPOBJECT_Common</Filter>
    </ClCompile>
    <ClCompile Include="..\..\CPPOBJECT_Common\src\stringmethods.cpp">
      <Filter>CPPOBJECT_Common</Filter>
    </ClCompile>
    <ClCompile Include="src\SummaBlock.cpp">
      <Filter>src\Исходные файлы</Filter>
    </ClCompile>
    <ClCompile Include="..\..\CPPOBJECT_Common\src\UIntArray.cpp">
      <Filter>CPPOBJECT_Common</Filter>
    </ClCompile>
    <ClCompile Include="..\..\CPPOBJECT_Common\src\ULogger.cpp">
      <Filter>CPPOBJECT_Common</Filter>
    </ClCompile>
    <ClCompile Include="..\..\CPPOBJECT_Common\src\UPtrExtArray.cpp">
      <Filter>CPPOBJECT_Common</Filter>
    </ClCompile>
    <ClCompile Include="..\..\CPPOBJECT_Common\src\URunObject.cpp">
      <Filter>CPPOBJECT_Common</Filter>
    </ClCompile>
  </ItemGroup>
  <ItemGroup>
    <ClInclude Include="..\..\CPPOBJECT_Common\src\BlockInterface.h">
      <Filter>CPPOBJECT_Common</Filter>
    </ClInclude>
    <ClInclude Include="..\..\CPPOBJECT_Common\src\UConstants.h">
      <Filter>CPPOBJECT_Common</Filter>
    </ClInclude>
    <ClInclude Include="..\..\CPPOBJECT_Common\src\UMainModule.h">
      <Filter>CPPOBJECT_Common</Filter>
    </ClInclude>
    <ClInclude Include="..\..\CPPOBJECT_Common\src\UMultiSelect.h">
      <Filter>CPPOBJECT_Common</Filter>
    </ClInclude>
    <ClInclude Include="..\..\CPPOBJECT_Common\src\stringmethods.h">
      <Filter>CPPOBJECT_Common</Filter>
    </ClInclude>
    <ClInclude Include="src\SummaBlock.h">
      <Filter>src\Файлы заголовков</Filter>
    </ClInclude>
    <ClInclude Include="..\..\CPPOBJECT_Common\src\ULogger.h">
      <Filter>CPPOBJECT_Common</Filter>
    </ClInclude>
    <ClInclude Include="..\..\CPPOBJECT_Common\src\UIntArray.h">
      <Filter>CPPOBJECT_Common</Filter>
    </ClInclude>
    <ClInclude Include="..\..\CPPOBJECT_Common\src\UPtrExtArray.h">
      <Filter>CPPOBJECT_Common</Filter>
    </ClInclude>
    <ClInclude Include="..\..\CPPOBJECT_Common\src\URunObject.h">
      <Filter>CPPOBJECT_Common</Filter>
    </ClInclude>
  </ItemGroup>
</Project>